
Microsoft Visual Studio Solution File, Format Version 12.00
# Visual Studio 15
VisualStudioVersion = 15.0.28307.329
MinimumVisualStudioVersion = 10.0.40219.1
Project("{FAE04EC0-301F-11D3-BF4B-00C04F79EFBC}") = "MatrixClass", "MatrixClass\MatrixClass.csproj", "{B4AFC20B-F42E-4A8C-BCE0-2D485F85E9EA}"
EndProject
Global
	GlobalSection(SolutionConfigurationPlatforms) = preSolution
		Debug|Any CPU = Debug|Any CPU
		Release|Any CPU = Release|Any CPU
	EndGlobalSection
	GlobalSection(ProjectConfigurationPlatforms) = postSolution
		{B4AFC20B-F42E-4A8C-BCE0-2D485F85E9EA}.Debug|Any CPU.ActiveCfg = Debug|Any CPU
		{B4AFC20B-F42E-4A8C-BCE0-2D485F85E9EA}.Debug|Any CPU.Build.0 = Debug|Any CPU
		{B4AFC20B-F42E-4A8C-BCE0-2D485F85E9EA}.Release|Any CPU.ActiveCfg = Release|Any CPU
		{B4AFC20B-F42E-4A8C-BCE0-2D485F85E9EA}.Release|Any CPU.Build.0 = Release|Any CPU
	EndGlobalSection
	GlobalSection(SolutionProperties) = preSolution
		HideSolutionNode = FALSE
	EndGlobalSection
	GlobalSection(ExtensibilityGlobals) = postSolution
		SolutionGuid = {0B974799-587E-4B23-A606-F4F5FE398DC7}
	EndGlobalSection
EndGlobal
